
Microsoft Visual Studio Solution File, Format Version 12.00
# Visual Studio Version 17
VisualStudioVersion = 17.9.34723.18
MinimumVisualStudioVersion = 10.0.40219.1
Project("{FAE04EC0-301F-11D3-BF4B-00C04F79EFBC}") = "JQueryExample", "JQueryExample\JQueryExample.csproj", "{49367C89-F06E-4547-BAB5-DC2F982D1304}"
EndProject
Global
	GlobalSection(SolutionConfigurationPlatforms) = preSolution
		Debug|Any CPU = Debug|Any CPU
		Release|Any CPU = Release|Any CPU
	EndGlobalSection
	GlobalSection(ProjectConfigurationPlatforms) = postSolution
		{49367C89-F06E-4547-BAB5-DC2F982D1304}.Debug|Any CPU.ActiveCfg = Debug|Any CPU
		{49367C89-F06E-4547-BAB5-DC2F982D1304}.Debug|Any CPU.Build.0 = Debug|Any CPU
		{49367C89-F06E-4547-BAB5-DC2F982D1304}.Release|Any CPU.ActiveCfg = Release|Any CPU
		{49367C89-F06E-4547-BAB5-DC2F982D1304}.Release|Any CPU.Build.0 = Release|Any CPU
	EndGlobalSection
	GlobalSection(SolutionProperties) = preSolution
		HideSolutionNode = FALSE
	EndGlobalSection
	GlobalSection(ExtensibilityGlobals) = postSolution
		SolutionGuid = {38018E9A-2B6A-4D7D-AFE0-F59A4CCC188B}
	EndGlobalSection
EndGlobal
